// !$*UTF8*$!
{
	archiveVersion = 1;
	classes = {
	};
	objectVersion = 56;
	objects = {

/* Begin PBXBuildFile section */
		291F439F2AA65E5200B07F93 /* iOSView.png in Resources */ = {isa = PBXBuildFile; fileRef = 291F439E2AA65E5200B07F93 /* iOSView.png */; };
		29270B292A815AB60050AE27 /* EssentialFeed.docc in Sources */ = {isa = PBXBuildFile; fileRef = 29270B282A815AB60050AE27 /* EssentialFeed.docc */; };
		29270B2F2A815AB60050AE27 /* EssentialFeed.framework in Frameworks */ = {isa = PBXBuildFile; fileRef = 29270B242A815AB60050AE27 /* EssentialFeed.framework */; };
		29270B342A815AB60050AE27 /* EssentialFeedTests.swift in Sources */ = {isa = PBXBuildFile; fileRef = 29270B332A815AB60050AE27 /* EssentialFeedTests.swift */; };
		29270B3F2A815AC20050AE27 /* FeedItem.swift in Sources */ = {isa = PBXBuildFile; fileRef = 29270B3E2A815AC20050AE27 /* FeedItem.swift */; };
		29270B412A815BBE0050AE27 /* RemoteFeedLoader.swift in Sources */ = {isa = PBXBuildFile; fileRef = 29270B402A815BBE0050AE27 /* RemoteFeedLoader.swift */; };
		293219892A842DE500C5E2A0 /* HTTPClient.swift in Sources */ = {isa = PBXBuildFile; fileRef = 293219882A842DE500C5E2A0 /* HTTPClient.swift */; };
		2932198B2A842E2900C5E2A0 /* FeedItemMapper.swift in Sources */ = {isa = PBXBuildFile; fileRef = 2932198A2A842E2900C5E2A0 /* FeedItemMapper.swift */; };
		2932198F2A843F0700C5E2A0 /* FeedLoader.swift in Sources */ = {isa = PBXBuildFile; fileRef = 2932198E2A843F0700C5E2A0 /* FeedLoader.swift */; };
		293D23D72A91F07700AB916A /* ValidateFeedCacheUseCaseTests.swift in Sources */ = {isa = PBXBuildFile; fileRef = 293D23D62A91F07700AB916A /* ValidateFeedCacheUseCaseTests.swift */; };
		293D23D92A91F55500AB916A /* FeedCacheTestsHelpers.swift in Sources */ = {isa = PBXBuildFile; fileRef = 293D23D82A91F55500AB916A /* FeedCacheTestsHelpers.swift */; };
		293D23DB2A91F5F500AB916A /* ShareTestsHelpers.swift in Sources */ = {isa = PBXBuildFile; fileRef = 293D23DA2A91F5F500AB916A /* ShareTestsHelpers.swift */; };
		2942944F2A9282E4002B85B1 /* FeedCachePolicy.swift in Sources */ = {isa = PBXBuildFile; fileRef = 2942944E2A9282E4002B85B1 /* FeedCachePolicy.swift */; };
		294294512A9288FF002B85B1 /* Architecture.png in Resources */ = {isa = PBXBuildFile; fileRef = 294294502A9288FF002B85B1 /* Architecture.png */; };
		294294532A928B37002B85B1 /* Screenshot 2023-08-20 at 9.21.25 PM.png in Resources */ = {isa = PBXBuildFile; fileRef = 294294522A928B37002B85B1 /* Screenshot 2023-08-20 at 9.21.25 PM.png */; };
		294294562A928B46002B85B1 /* Screenshot 2023-08-20 at 9.25.51 PM.png in Resources */ = {isa = PBXBuildFile; fileRef = 294294542A928B46002B85B1 /* Screenshot 2023-08-20 at 9.25.51 PM.png */; };
		294294572A928B46002B85B1 /* Screenshot 2023-08-20 at 9.23.02 PM.png in Resources */ = {isa = PBXBuildFile; fileRef = 294294552A928B46002B85B1 /* Screenshot 2023-08-20 at 9.23.02 PM.png */; };
		294294812A93FC29002B85B1 /* CodableFeedStoreTests.swift in Sources */ = {isa = PBXBuildFile; fileRef = 294294802A93FC29002B85B1 /* CodableFeedStoreTests.swift */; };
		294294832A93FC41002B85B1 /* test scenarios.png in Resources */ = {isa = PBXBuildFile; fileRef = 294294822A93FC41002B85B1 /* test scenarios.png */; };
		294294A12A956CBF002B85B1 /* CodableFeedStore.swift in Sources */ = {isa = PBXBuildFile; fileRef = 294294A02A956CBF002B85B1 /* CodableFeedStore.swift */; };
		295FF66F2AA895660095A89F /* FeedImageCell.swift in Sources */ = {isa = PBXBuildFile; fileRef = 295FF66E2AA895660095A89F /* FeedImageCell.swift */; };
		295FF6712AA8B5FC0095A89F /* UIView+Shimmering.swift in Sources */ = {isa = PBXBuildFile; fileRef = 295FF6702AA8B5FC0095A89F /* UIView+Shimmering.swift */; };
		295FF6732AA8E56A0095A89F /* mmvc.png in Resources */ = {isa = PBXBuildFile; fileRef = 295FF6722AA8E56A0095A89F /* mmvc.png */; };
		295FF6782AA918DE0095A89F /* FeedImageDataLoader.swift in Sources */ = {isa = PBXBuildFile; fileRef = 295FF6772AA918DE0095A89F /* FeedImageDataLoader.swift */; };
		295FF67A2AA91A670095A89F /* UIImage+TestHelpers.swift in Sources */ = {isa = PBXBuildFile; fileRef = 295FF6792AA91A660095A89F /* UIImage+TestHelpers.swift */; };
		295FF67C2AA91AD10095A89F /* UIRefreshControl+TestHelper.swift in Sources */ = {isa = PBXBuildFile; fileRef = 295FF67B2AA91AD10095A89F /* UIRefreshControl+TestHelper.swift */; };
		295FF67E2AA91B310095A89F /* UIButton+TestHelper.swift in Sources */ = {isa = PBXBuildFile; fileRef = 295FF67D2AA91B310095A89F /* UIButton+TestHelper.swift */; };
		295FF6802AA91BC00095A89F /* UIControl+TestHelpers.swift in Sources */ = {isa = PBXBuildFile; fileRef = 295FF67F2AA91BC00095A89F /* UIControl+TestHelpers.swift */; };
		295FF6822AA91C370095A89F /* FeedViewController+TestHelpers.swift in Sources */ = {isa = PBXBuildFile; fileRef = 295FF6812AA91C370095A89F /* FeedViewController+TestHelpers.swift */; };
		295FF6842AA91C4C0095A89F /* ImageFeedCell+TestHelpers.swift in Sources */ = {isa = PBXBuildFile; fileRef = 295FF6832AA91C4C0095A89F /* ImageFeedCell+TestHelpers.swift */; };
		29682CFA2A8C31F100911A3C /* FeedStore.swift in Sources */ = {isa = PBXBuildFile; fileRef = 29682CF92A8C31F100911A3C /* FeedStore.swift */; };
		29682CFC2A8C321100911A3C /* LocalFeedLoader.swift in Sources */ = {isa = PBXBuildFile; fileRef = 29682CFB2A8C321100911A3C /* LocalFeedLoader.swift */; };
		2968F4422A86E77C0023FAEB /* URLSessionHTTPClient.swift in Sources */ = {isa = PBXBuildFile; fileRef = 2968F4412A86E77C0023FAEB /* URLSessionHTTPClient.swift */; };
		2968F49F2A87D25B0023FAEB /* EssentialFeedAPIEndToEndTests.swift in Sources */ = {isa = PBXBuildFile; fileRef = 2968F49E2A87D25B0023FAEB /* EssentialFeedAPIEndToEndTests.swift */; };
		2968F4A02A87D25B0023FAEB /* EssentialFeed.framework in Frameworks */ = {isa = PBXBuildFile; fileRef = 29270B242A815AB60050AE27 /* EssentialFeed.framework */; };
		2968F4A62A87D38D0023FAEB /* XCTestCase+MemoryLeakTrack.swift in Sources */ = {isa = PBXBuildFile; fileRef = 2996BA152A868051009C0EAC /* XCTestCase+MemoryLeakTrack.swift */; };
		296B1A3C2AA68ACB00302388 /* FeedViewController.swift in Sources */ = {isa = PBXBuildFile; fileRef = 296B1A3B2AA68ACB00302388 /* FeedViewController.swift */; };
		29779A842AA6702A001E9937 /* EssentialFeediOS.docc in Sources */ = {isa = PBXBuildFile; fileRef = 29779A832AA6702A001E9937 /* EssentialFeediOS.docc */; };
		29779A8A2AA6702A001E9937 /* EssentialFeediOS.framework in Frameworks */ = {isa = PBXBuildFile; fileRef = 29779A802AA6702A001E9937 /* EssentialFeediOS.framework */; };
		29779A8F2AA6702A001E9937 /* FeedViewControllerTests.swift in Sources */ = {isa = PBXBuildFile; fileRef = 29779A8E2AA6702A001E9937 /* FeedViewControllerTests.swift */; };
		29779A9B2AA673F1001E9937 /* EssentialFeed.framework in Frameworks */ = {isa = PBXBuildFile; fileRef = 29270B242A815AB60050AE27 /* EssentialFeed.framework */; platformFilter = ios; };
		298C46122A8BFA6400391C21 /* CacheFeedUseCaseTests.swift in Sources */ = {isa = PBXBuildFile; fileRef = 298C46112A8BFA6400391C21 /* CacheFeedUseCaseTests.swift */; };
		2996BA0F2A86326F009C0EAC /* URLSessionHTTPClientTests.swift in Sources */ = {isa = PBXBuildFile; fileRef = 2996BA0E2A86326F009C0EAC /* URLSessionHTTPClientTests.swift */; };
		2996BA112A86450F009C0EAC /* URLSessionHTTPClientTests(subclass-based mocking).swift in Sources */ = {isa = PBXBuildFile; fileRef = 2996BA102A86450F009C0EAC /* URLSessionHTTPClientTests(subclass-based mocking).swift */; };
		2996BA132A864BCC009C0EAC /* URLSessionHTTPClientTests(protocol-based moching).swift in Sources */ = {isa = PBXBuildFile; fileRef = 2996BA122A864BCC009C0EAC /* URLSessionHTTPClientTests(protocol-based moching).swift */; };
		2996BA162A868051009C0EAC /* XCTestCase+MemoryLeakTrack.swift in Sources */ = {isa = PBXBuildFile; fileRef = 2996BA152A868051009C0EAC /* XCTestCase+MemoryLeakTrack.swift */; };
		29A6F9E12A8E41B900BCBFA1 /* RemoteFeedImage.swift in Sources */ = {isa = PBXBuildFile; fileRef = 29A6F9E02A8E41B900BCBFA1 /* RemoteFeedImage.swift */; };
		29A6F9E32A8E422F00BCBFA1 /* LocalFeedImage.swift in Sources */ = {isa = PBXBuildFile; fileRef = 29A6F9E22A8E422F00BCBFA1 /* LocalFeedImage.swift */; };
		29A6F9E52A8E4D7700BCBFA1 /* LoadFeedFromCacheUseCaseTests.swift in Sources */ = {isa = PBXBuildFile; fileRef = 29A6F9E42A8E4D7700BCBFA1 /* LoadFeedFromCacheUseCaseTests.swift */; };
		29A6F9E82A8E50FE00BCBFA1 /* FeedCacheSpy.swift in Sources */ = {isa = PBXBuildFile; fileRef = 29A6F9E72A8E50FE00BCBFA1 /* FeedCacheSpy.swift */; };
		29F373292A82576C005C3631 /* LoadFeedFromRemoteUseCaseTests.swift in Sources */ = {isa = PBXBuildFile; fileRef = 29F373282A82576C005C3631 /* LoadFeedFromRemoteUseCaseTests.swift */; };
/* End PBXBuildFile section */

/* Begin PBXContainerItemProxy section */
		29270B302A815AB60050AE27 /* PBXContainerItemProxy */ = {
			isa = PBXContainerItemProxy;
			containerPortal = 29270B1B2A815AB60050AE27 /* Project object */;
			proxyType = 1;
			remoteGlobalIDString = 29270B232A815AB60050AE27;
			remoteInfo = EssentialFeed;
		};
		2968F4A12A87D25B0023FAEB /* PBXContainerItemProxy */ = {
			isa = PBXContainerItemProxy;
			containerPortal = 29270B1B2A815AB60050AE27 /* Project object */;
			proxyType = 1;
			remoteGlobalIDString = 29270B232A815AB60050AE27;
			remoteInfo = EssentialFeed;
		};
		29779A8B2AA6702A001E9937 /* PBXContainerItemProxy */ = {
			isa = PBXContainerItemProxy;
			containerPortal = 29270B1B2A815AB60050AE27 /* Project object */;
			proxyType = 1;
			remoteGlobalIDString = 29779A7F2AA6702A001E9937;
			remoteInfo = EssentialFeediOS;
		};
		29779A982AA673E5001E9937 /* PBXContainerItemProxy */ = {
			isa = PBXContainerItemProxy;
			containerPortal = 29270B1B2A815AB60050AE27 /* Project object */;
			proxyType = 1;
			remoteGlobalIDString = 29270B232A815AB60050AE27;
			remoteInfo = EssentialFeed;
		};
/* End PBXContainerItemProxy section */

/* Begin PBXFileReference section */
		291F439E2AA65E5200B07F93 /* iOSView.png */ = {isa = PBXFileReference; lastKnownFileType = image.png; path = iOSView.png; sourceTree = "<group>"; };
		29270B242A815AB60050AE27 /* EssentialFeed.framework */ = {isa = PBXFileReference; explicitFileType = wrapper.framework; includeInIndex = 0; path = EssentialFeed.framework; sourceTree = BUILT_PRODUCTS_DIR; };
		29270B282A815AB60050AE27 /* EssentialFeed.docc */ = {isa = PBXFileReference; lastKnownFileType = folder.documentationcatalog; path = EssentialFeed.docc; sourceTree = "<group>"; };
		29270B2E2A815AB60050AE27 /* EssentialFeedTests.xctest */ = {isa = PBXFileReference; explicitFileType = wrapper.cfbundle; includeInIndex = 0; path = EssentialFeedTests.xctest; sourceTree = BUILT_PRODUCTS_DIR; };
		29270B332A815AB60050AE27 /* EssentialFeedTests.swift */ = {isa = PBXFileReference; lastKnownFileType = sourcecode.swift; path = EssentialFeedTests.swift; sourceTree = "<group>"; };
		29270B3E2A815AC20050AE27 /* FeedItem.swift */ = {isa = PBXFileReference; lastKnownFileType = sourcecode.swift; path = FeedItem.swift; sourceTree = "<group>"; };
		29270B402A815BBE0050AE27 /* RemoteFeedLoader.swift */ = {isa = PBXFileReference; lastKnownFileType = sourcecode.swift; path = RemoteFeedLoader.swift; sourceTree = "<group>"; };
		293219882A842DE500C5E2A0 /* HTTPClient.swift */ = {isa = PBXFileReference; lastKnownFileType = sourcecode.swift; path = HTTPClient.swift; sourceTree = "<group>"; };
		2932198A2A842E2900C5E2A0 /* FeedItemMapper.swift */ = {isa = PBXFileReference; lastKnownFileType = sourcecode.swift; path = FeedItemMapper.swift; sourceTree = "<group>"; };
		2932198E2A843F0700C5E2A0 /* FeedLoader.swift */ = {isa = PBXFileReference; lastKnownFileType = sourcecode.swift; path = FeedLoader.swift; sourceTree = "<group>"; };
		293D23D62A91F07700AB916A /* ValidateFeedCacheUseCaseTests.swift */ = {isa = PBXFileReference; lastKnownFileType = sourcecode.swift; path = ValidateFeedCacheUseCaseTests.swift; sourceTree = "<group>"; };
		293D23D82A91F55500AB916A /* FeedCacheTestsHelpers.swift */ = {isa = PBXFileReference; lastKnownFileType = sourcecode.swift; path = FeedCacheTestsHelpers.swift; sourceTree = "<group>"; };
		293D23DA2A91F5F500AB916A /* ShareTestsHelpers.swift */ = {isa = PBXFileReference; lastKnownFileType = sourcecode.swift; path = ShareTestsHelpers.swift; sourceTree = "<group>"; };
		2942944E2A9282E4002B85B1 /* FeedCachePolicy.swift */ = {isa = PBXFileReference; lastKnownFileType = sourcecode.swift; path = FeedCachePolicy.swift; sourceTree = "<group>"; };
		294294502A9288FF002B85B1 /* Architecture.png */ = {isa = PBXFileReference; lastKnownFileType = image.png; path = Architecture.png; sourceTree = "<group>"; };
		294294522A928B37002B85B1 /* Screenshot 2023-08-20 at 9.21.25 PM.png */ = {isa = PBXFileReference; lastKnownFileType = image.png; path = "Screenshot 2023-08-20 at 9.21.25 PM.png"; sourceTree = "<group>"; };
		294294542A928B46002B85B1 /* Screenshot 2023-08-20 at 9.25.51 PM.png */ = {isa = PBXFileReference; lastKnownFileType = image.png; path = "Screenshot 2023-08-20 at 9.25.51 PM.png"; sourceTree = "<group>"; };
		294294552A928B46002B85B1 /* Screenshot 2023-08-20 at 9.23.02 PM.png */ = {isa = PBXFileReference; lastKnownFileType = image.png; path = "Screenshot 2023-08-20 at 9.23.02 PM.png"; sourceTree = "<group>"; };
		294294802A93FC29002B85B1 /* CodableFeedStoreTests.swift */ = {isa = PBXFileReference; lastKnownFileType = sourcecode.swift; path = CodableFeedStoreTests.swift; sourceTree = "<group>"; };
		294294822A93FC41002B85B1 /* test scenarios.png */ = {isa = PBXFileReference; lastKnownFileType = image.png; path = "test scenarios.png"; sourceTree = "<group>"; };
		294294A02A956CBF002B85B1 /* CodableFeedStore.swift */ = {isa = PBXFileReference; lastKnownFileType = sourcecode.swift; path = CodableFeedStore.swift; sourceTree = "<group>"; };
		295FF66E2AA895660095A89F /* FeedImageCell.swift */ = {isa = PBXFileReference; lastKnownFileType = sourcecode.swift; path = FeedImageCell.swift; sourceTree = "<group>"; };
		295FF6702AA8B5FC0095A89F /* UIView+Shimmering.swift */ = {isa = PBXFileReference; lastKnownFileType = sourcecode.swift; path = "UIView+Shimmering.swift"; sourceTree = "<group>"; };
		295FF6722AA8E56A0095A89F /* mmvc.png */ = {isa = PBXFileReference; lastKnownFileType = image.png; path = mmvc.png; sourceTree = "<group>"; };
		295FF6772AA918DE0095A89F /* FeedImageDataLoader.swift */ = {isa = PBXFileReference; lastKnownFileType = sourcecode.swift; path = FeedImageDataLoader.swift; sourceTree = "<group>"; };
		295FF6792AA91A660095A89F /* UIImage+TestHelpers.swift */ = {isa = PBXFileReference; lastKnownFileType = sourcecode.swift; path = "UIImage+TestHelpers.swift"; sourceTree = "<group>"; };
		295FF67B2AA91AD10095A89F /* UIRefreshControl+TestHelper.swift */ = {isa = PBXFileReference; lastKnownFileType = sourcecode.swift; path = "UIRefreshControl+TestHelper.swift"; sourceTree = "<group>"; };
		295FF67D2AA91B310095A89F /* UIButton+TestHelper.swift */ = {isa = PBXFileReference; lastKnownFileType = sourcecode.swift; path = "UIButton+TestHelper.swift"; sourceTree = "<group>"; };
		295FF67F2AA91BC00095A89F /* UIControl+TestHelpers.swift */ = {isa = PBXFileReference; lastKnownFileType = sourcecode.swift; path = "UIControl+TestHelpers.swift"; sourceTree = "<group>"; };
		295FF6812AA91C370095A89F /* FeedViewController+TestHelpers.swift */ = {isa = PBXFileReference; lastKnownFileType = sourcecode.swift; path = "FeedViewController+TestHelpers.swift"; sourceTree = "<group>"; };
		295FF6832AA91C4C0095A89F /* ImageFeedCell+TestHelpers.swift */ = {isa = PBXFileReference; lastKnownFileType = sourcecode.swift; path = "ImageFeedCell+TestHelpers.swift"; sourceTree = "<group>"; };
		29682CF92A8C31F100911A3C /* FeedStore.swift */ = {isa = PBXFileReference; lastKnownFileType = sourcecode.swift; path = FeedStore.swift; sourceTree = "<group>"; };
		29682CFB2A8C321100911A3C /* LocalFeedLoader.swift */ = {isa = PBXFileReference; lastKnownFileType = sourcecode.swift; path = LocalFeedLoader.swift; sourceTree = "<group>"; };
		2968F4412A86E77C0023FAEB /* URLSessionHTTPClient.swift */ = {isa = PBXFileReference; lastKnownFileType = sourcecode.swift; path = URLSessionHTTPClient.swift; sourceTree = "<group>"; };
		2968F4502A877B820023FAEB /* EssentialFeed.xctestplan */ = {isa = PBXFileReference; lastKnownFileType = text; path = EssentialFeed.xctestplan; sourceTree = "<group>"; };
		2968F49C2A87D25B0023FAEB /* EssentialFeedAPIEndToEndTests.xctest */ = {isa = PBXFileReference; explicitFileType = wrapper.cfbundle; includeInIndex = 0; path = EssentialFeedAPIEndToEndTests.xctest; sourceTree = BUILT_PRODUCTS_DIR; };
		2968F49E2A87D25B0023FAEB /* EssentialFeedAPIEndToEndTests.swift */ = {isa = PBXFileReference; lastKnownFileType = sourcecode.swift; path = EssentialFeedAPIEndToEndTests.swift; sourceTree = "<group>"; };
		2968F4A72A87D5D50023FAEB /* CI.xctestplan */ = {isa = PBXFileReference; lastKnownFileType = text; path = CI.xctestplan; sourceTree = "<group>"; };
		296B1A3B2AA68ACB00302388 /* FeedViewController.swift */ = {isa = PBXFileReference; lastKnownFileType = sourcecode.swift; path = FeedViewController.swift; sourceTree = "<group>"; };
		29779A802AA6702A001E9937 /* EssentialFeediOS.framework */ = {isa = PBXFileReference; explicitFileType = wrapper.framework; includeInIndex = 0; path = EssentialFeediOS.framework; sourceTree = BUILT_PRODUCTS_DIR; };
		29779A832AA6702A001E9937 /* EssentialFeediOS.docc */ = {isa = PBXFileReference; lastKnownFileType = folder.documentationcatalog; path = EssentialFeediOS.docc; sourceTree = "<group>"; };
		29779A892AA6702A001E9937 /* EssentialFeediOSTests.xctest */ = {isa = PBXFileReference; explicitFileType = wrapper.cfbundle; includeInIndex = 0; path = EssentialFeediOSTests.xctest; sourceTree = BUILT_PRODUCTS_DIR; };
		29779A8E2AA6702A001E9937 /* FeedViewControllerTests.swift */ = {isa = PBXFileReference; lastKnownFileType = sourcecode.swift; path = FeedViewControllerTests.swift; sourceTree = "<group>"; };
		29779A972AA67298001E9937 /* EssentialFeediOSTests.xctestplan */ = {isa = PBXFileReference; lastKnownFileType = text; path = EssentialFeediOSTests.xctestplan; sourceTree = "<group>"; };
		298C46112A8BFA6400391C21 /* CacheFeedUseCaseTests.swift */ = {isa = PBXFileReference; lastKnownFileType = sourcecode.swift; path = CacheFeedUseCaseTests.swift; sourceTree = "<group>"; };
		2996BA0E2A86326F009C0EAC /* URLSessionHTTPClientTests.swift */ = {isa = PBXFileReference; lastKnownFileType = sourcecode.swift; path = URLSessionHTTPClientTests.swift; sourceTree = "<group>"; };
		2996BA102A86450F009C0EAC /* URLSessionHTTPClientTests(subclass-based mocking).swift */ = {isa = PBXFileReference; lastKnownFileType = sourcecode.swift; path = "URLSessionHTTPClientTests(subclass-based mocking).swift"; sourceTree = "<group>"; };
		2996BA122A864BCC009C0EAC /* URLSessionHTTPClientTests(protocol-based moching).swift */ = {isa = PBXFileReference; lastKnownFileType = sourcecode.swift; path = "URLSessionHTTPClientTests(protocol-based moching).swift"; sourceTree = "<group>"; };
		2996BA152A868051009C0EAC /* XCTestCase+MemoryLeakTrack.swift */ = {isa = PBXFileReference; lastKnownFileType = sourcecode.swift; path = "XCTestCase+MemoryLeakTrack.swift"; sourceTree = "<group>"; };
		29A6F9E02A8E41B900BCBFA1 /* RemoteFeedImage.swift */ = {isa = PBXFileReference; lastKnownFileType = sourcecode.swift; path = RemoteFeedImage.swift; sourceTree = "<group>"; };
		29A6F9E22A8E422F00BCBFA1 /* LocalFeedImage.swift */ = {isa = PBXFileReference; lastKnownFileType = sourcecode.swift; path = LocalFeedImage.swift; sourceTree = "<group>"; };
		29A6F9E42A8E4D7700BCBFA1 /* LoadFeedFromCacheUseCaseTests.swift */ = {isa = PBXFileReference; lastKnownFileType = sourcecode.swift; path = LoadFeedFromCacheUseCaseTests.swift; sourceTree = "<group>"; };
		29A6F9E72A8E50FE00BCBFA1 /* FeedCacheSpy.swift */ = {isa = PBXFileReference; lastKnownFileType = sourcecode.swift; path = FeedCacheSpy.swift; sourceTree = "<group>"; };
		29F373282A82576C005C3631 /* LoadFeedFromRemoteUseCaseTests.swift */ = {isa = PBXFileReference; lastKnownFileType = sourcecode.swift; path = LoadFeedFromRemoteUseCaseTests.swift; sourceTree = "<group>"; };
/* End PBXFileReference section */

/* Begin PBXFrameworksBuildPhase section */
		29270B212A815AB60050AE27 /* Frameworks */ = {
			isa = PBXFrameworksBuildPhase;
			buildActionMask = 2147483647;
			files = (
			);
			runOnlyForDeploymentPostprocessing = 0;
		};
		29270B2B2A815AB60050AE27 /* Frameworks */ = {
			isa = PBXFrameworksBuildPhase;
			buildActionMask = 2147483647;
			files = (
				29270B2F2A815AB60050AE27 /* EssentialFeed.framework in Frameworks */,
			);
			runOnlyForDeploymentPostprocessing = 0;
		};
		2968F4992A87D25B0023FAEB /* Frameworks */ = {
			isa = PBXFrameworksBuildPhase;
			buildActionMask = 2147483647;
			files = (
				2968F4A02A87D25B0023FAEB /* EssentialFeed.framework in Frameworks */,
			);
			runOnlyForDeploymentPostprocessing = 0;
		};
		29779A7D2AA6702A001E9937 /* Frameworks */ = {
			isa = PBXFrameworksBuildPhase;
			buildActionMask = 2147483647;
			files = (
			);
			runOnlyForDeploymentPostprocessing = 0;
		};
		29779A862AA6702A001E9937 /* Frameworks */ = {
			isa = PBXFrameworksBuildPhase;
			buildActionMask = 2147483647;
			files = (
				29779A9B2AA673F1001E9937 /* EssentialFeed.framework in Frameworks */,
				29779A8A2AA6702A001E9937 /* EssentialFeediOS.framework in Frameworks */,
			);
			runOnlyForDeploymentPostprocessing = 0;
		};
/* End PBXFrameworksBuildPhase section */

/* Begin PBXGroup section */
		29270B1A2A815AB60050AE27 = {
			isa = PBXGroup;
			children = (
				294294842A940084002B85B1 /* resources */,
				29682CF82A8C31DA00911A3C /* Feed Cache */,
				2932198D2A843EB600C5E2A0 /* Feed API */,
				29270B422A815CEA0050AE27 /* Feed Feature */,
				29270B262A815AB60050AE27 /* EssentialFeed */,
				29270B322A815AB60050AE27 /* EssentialFeedTests */,
				2968F49D2A87D25B0023FAEB /* EssentialFeedAPIEndToEndTests */,
				29779A812AA6702A001E9937 /* EssentialFeediOS */,
				29779A8D2AA6702A001E9937 /* EssentialFeediOSTests */,
				29270B252A815AB60050AE27 /* Products */,
				29779A9A2AA673F1001E9937 /* Frameworks */,
			);
			sourceTree = "<group>";
		};
		29270B252A815AB60050AE27 /* Products */ = {
			isa = PBXGroup;
			children = (
				29270B242A815AB60050AE27 /* EssentialFeed.framework */,
				29270B2E2A815AB60050AE27 /* EssentialFeedTests.xctest */,
				2968F49C2A87D25B0023FAEB /* EssentialFeedAPIEndToEndTests.xctest */,
				29779A802AA6702A001E9937 /* EssentialFeediOS.framework */,
				29779A892AA6702A001E9937 /* EssentialFeediOSTests.xctest */,
			);
			name = Products;
			sourceTree = "<group>";
		};
		29270B262A815AB60050AE27 /* EssentialFeed */ = {
			isa = PBXGroup;
			children = (
				29270B282A815AB60050AE27 /* EssentialFeed.docc */,
			);
			path = EssentialFeed;
			sourceTree = "<group>";
		};
		29270B322A815AB60050AE27 /* EssentialFeedTests */ = {
			isa = PBXGroup;
			children = (
				2968F4502A877B820023FAEB /* EssentialFeed.xctestplan */,
				298C46102A8BF9F500391C21 /* Feed Cache */,
				29270B332A815AB60050AE27 /* EssentialFeedTests.swift */,
				2932198C2A843E8C00C5E2A0 /* Feed API */,
				293D23DA2A91F5F500AB916A /* ShareTestsHelpers.swift */,
			);
			path = EssentialFeedTests;
			sourceTree = "<group>";
		};
		29270B422A815CEA0050AE27 /* Feed Feature */ = {
			isa = PBXGroup;
			children = (
				29270B3E2A815AC20050AE27 /* FeedItem.swift */,
				2932198E2A843F0700C5E2A0 /* FeedLoader.swift */,
			);
			path = "Feed Feature";
			sourceTree = "<group>";
		};
		2932198C2A843E8C00C5E2A0 /* Feed API */ = {
			isa = PBXGroup;
			children = (
				2996BA142A86802C009C0EAC /* Helpers */,
				29F373282A82576C005C3631 /* LoadFeedFromRemoteUseCaseTests.swift */,
				2996BA0E2A86326F009C0EAC /* URLSessionHTTPClientTests.swift */,
				2996BA122A864BCC009C0EAC /* URLSessionHTTPClientTests(protocol-based moching).swift */,
				2996BA102A86450F009C0EAC /* URLSessionHTTPClientTests(subclass-based mocking).swift */,
			);
			path = "Feed API";
			sourceTree = "<group>";
		};
		2932198D2A843EB600C5E2A0 /* Feed API */ = {
			isa = PBXGroup;
			children = (
				2932198A2A842E2900C5E2A0 /* FeedItemMapper.swift */,
				29A6F9E02A8E41B900BCBFA1 /* RemoteFeedImage.swift */,
				29270B402A815BBE0050AE27 /* RemoteFeedLoader.swift */,
				293219882A842DE500C5E2A0 /* HTTPClient.swift */,
				2968F4412A86E77C0023FAEB /* URLSessionHTTPClient.swift */,
			);
			path = "Feed API";
			sourceTree = "<group>";
		};
		294294842A940084002B85B1 /* resources */ = {
			isa = PBXGroup;
			children = (
				295FF6722AA8E56A0095A89F /* mmvc.png */,
				294294502A9288FF002B85B1 /* Architecture.png */,
				291F439E2AA65E5200B07F93 /* iOSView.png */,
				294294522A928B37002B85B1 /* Screenshot 2023-08-20 at 9.21.25 PM.png */,
				294294552A928B46002B85B1 /* Screenshot 2023-08-20 at 9.23.02 PM.png */,
				294294542A928B46002B85B1 /* Screenshot 2023-08-20 at 9.25.51 PM.png */,
				294294822A93FC41002B85B1 /* test scenarios.png */,
			);
			path = resources;
			sourceTree = "<group>";
		};
		295FF6742AA918910095A89F /* Model */ = {
			isa = PBXGroup;
			children = (
				295FF6772AA918DE0095A89F /* FeedImageDataLoader.swift */,
			);
			path = Model;
			sourceTree = "<group>";
		};
		295FF6752AA9189D0095A89F /* View */ = {
			isa = PBXGroup;
			children = (
				295FF66E2AA895660095A89F /* FeedImageCell.swift */,
				295FF6702AA8B5FC0095A89F /* UIView+Shimmering.swift */,
			);
			path = View;
			sourceTree = "<group>";
		};
		295FF6762AA918A70095A89F /* Controller */ = {
			isa = PBXGroup;
			children = (
				296B1A3B2AA68ACB00302388 /* FeedViewController.swift */,
			);
			path = Controller;
			sourceTree = "<group>";
		};
		29682CF82A8C31DA00911A3C /* Feed Cache */ = {
			isa = PBXGroup;
			children = (
				29682CF92A8C31F100911A3C /* FeedStore.swift */,
				29A6F9E22A8E422F00BCBFA1 /* LocalFeedImage.swift */,
				29682CFB2A8C321100911A3C /* LocalFeedLoader.swift */,
				2942944E2A9282E4002B85B1 /* FeedCachePolicy.swift */,
				294294A02A956CBF002B85B1 /* CodableFeedStore.swift */,
			);
			path = "Feed Cache";
			sourceTree = "<group>";
		};
		2968F49D2A87D25B0023FAEB /* EssentialFeedAPIEndToEndTests */ = {
			isa = PBXGroup;
			children = (
				2968F4A72A87D5D50023FAEB /* CI.xctestplan */,
				2968F49E2A87D25B0023FAEB /* EssentialFeedAPIEndToEndTests.swift */,
			);
			path = EssentialFeedAPIEndToEndTests;
			sourceTree = "<group>";
		};
		29779A812AA6702A001E9937 /* EssentialFeediOS */ = {
			isa = PBXGroup;
			children = (
				295FF6762AA918A70095A89F /* Controller */,
				295FF6752AA9189D0095A89F /* View */,
				295FF6742AA918910095A89F /* Model */,
				29779A832AA6702A001E9937 /* EssentialFeediOS.docc */,
			);
			path = EssentialFeediOS;
			sourceTree = "<group>";
		};
		29779A8D2AA6702A001E9937 /* EssentialFeediOSTests */ = {
			isa = PBXGroup;
			children = (
				29779A8E2AA6702A001E9937 /* FeedViewControllerTests.swift */,
				295FF67D2AA91B310095A89F /* UIButton+TestHelper.swift */,
				295FF67F2AA91BC00095A89F /* UIControl+TestHelpers.swift */,
				295FF67B2AA91AD10095A89F /* UIRefreshControl+TestHelper.swift */,
				295FF6812AA91C370095A89F /* FeedViewController+TestHelpers.swift */,
				295FF6832AA91C4C0095A89F /* ImageFeedCell+TestHelpers.swift */,
				295FF6792AA91A660095A89F /* UIImage+TestHelpers.swift */,
				29779A972AA67298001E9937 /* EssentialFeediOSTests.xctestplan */,
			);
			path = EssentialFeediOSTests;
			sourceTree = "<group>";
		};
		29779A9A2AA673F1001E9937 /* Frameworks */ = {
			isa = PBXGroup;
			children = (
			);
			name = Frameworks;
			sourceTree = "<group>";
		};
		298C46102A8BF9F500391C21 /* Feed Cache */ = {
			isa = PBXGroup;
			children = (
				29A6F9E62A8E50E000BCBFA1 /* Helpers */,
				298C46112A8BFA6400391C21 /* CacheFeedUseCaseTests.swift */,
				293D23D62A91F07700AB916A /* ValidateFeedCacheUseCaseTests.swift */,
				29A6F9E42A8E4D7700BCBFA1 /* LoadFeedFromCacheUseCaseTests.swift */,
				294294802A93FC29002B85B1 /* CodableFeedStoreTests.swift */,
			);
			path = "Feed Cache";
			sourceTree = "<group>";
		};
		2996BA142A86802C009C0EAC /* Helpers */ = {
			isa = PBXGroup;
			children = (
				2996BA152A868051009C0EAC /* XCTestCase+MemoryLeakTrack.swift */,
			);
			path = Helpers;
			sourceTree = "<group>";
		};
		29A6F9E62A8E50E000BCBFA1 /* Helpers */ = {
			isa = PBXGroup;
			children = (
				29A6F9E72A8E50FE00BCBFA1 /* FeedCacheSpy.swift */,
				293D23D82A91F55500AB916A /* FeedCacheTestsHelpers.swift */,
			);
			path = Helpers;
			sourceTree = "<group>";
		};
/* End PBXGroup section */

/* Begin PBXHeadersBuildPhase section */
		29270B1F2A815AB60050AE27 /* Headers */ = {
			isa = PBXHeadersBuildPhase;
			buildActionMask = 2147483647;
			files = (
			);
			runOnlyForDeploymentPostprocessing = 0;
		};
		29779A7B2AA6702A001E9937 /* Headers */ = {
			isa = PBXHeadersBuildPhase;
			buildActionMask = 2147483647;
			files = (
			);
			runOnlyForDeploymentPostprocessing = 0;
		};
/* End PBXHeadersBuildPhase section */

/* Begin PBXNativeTarget section */
		29270B232A815AB60050AE27 /* EssentialFeed */ = {
			isa = PBXNativeTarget;
			buildConfigurationList = 29270B382A815AB60050AE27 /* Build configuration list for PBXNativeTarget "EssentialFeed" */;
			buildPhases = (
				29270B1F2A815AB60050AE27 /* Headers */,
				29270B202A815AB60050AE27 /* Sources */,
				29270B212A815AB60050AE27 /* Frameworks */,
				29270B222A815AB60050AE27 /* Resources */,
			);
			buildRules = (
			);
			dependencies = (
			);
			name = EssentialFeed;
			productName = EssentialFeed;
			productReference = 29270B242A815AB60050AE27 /* EssentialFeed.framework */;
			productType = "com.apple.product-type.framework";
		};
		29270B2D2A815AB60050AE27 /* EssentialFeedTests */ = {
			isa = PBXNativeTarget;
			buildConfigurationList = 29270B3B2A815AB60050AE27 /* Build configuration list for PBXNativeTarget "EssentialFeedTests" */;
			buildPhases = (
				29270B2A2A815AB60050AE27 /* Sources */,
				29270B2B2A815AB60050AE27 /* Frameworks */,
				29270B2C2A815AB60050AE27 /* Resources */,
			);
			buildRules = (
			);
			dependencies = (
				29270B312A815AB60050AE27 /* PBXTargetDependency */,
			);
			name = EssentialFeedTests;
			productName = EssentialFeedTests;
			productReference = 29270B2E2A815AB60050AE27 /* EssentialFeedTests.xctest */;
			productType = "com.apple.product-type.bundle.unit-test";
		};
		2968F49B2A87D25B0023FAEB /* EssentialFeedAPIEndToEndTests */ = {
			isa = PBXNativeTarget;
			buildConfigurationList = 2968F4A32A87D25B0023FAEB /* Build configuration list for PBXNativeTarget "EssentialFeedAPIEndToEndTests" */;
			buildPhases = (
				2968F4982A87D25B0023FAEB /* Sources */,
				2968F4992A87D25B0023FAEB /* Frameworks */,
				2968F49A2A87D25B0023FAEB /* Resources */,
			);
			buildRules = (
			);
			dependencies = (
				2968F4A22A87D25B0023FAEB /* PBXTargetDependency */,
			);
			name = EssentialFeedAPIEndToEndTests;
			productName = EssentialFeedAPIEndToEndTests;
			productReference = 2968F49C2A87D25B0023FAEB /* EssentialFeedAPIEndToEndTests.xctest */;
			productType = "com.apple.product-type.bundle.unit-test";
		};
		29779A7F2AA6702A001E9937 /* EssentialFeediOS */ = {
			isa = PBXNativeTarget;
			buildConfigurationList = 29779A912AA6702A001E9937 /* Build configuration list for PBXNativeTarget "EssentialFeediOS" */;
			buildPhases = (
				29779A7B2AA6702A001E9937 /* Headers */,
				29779A7C2AA6702A001E9937 /* Sources */,
				29779A7D2AA6702A001E9937 /* Frameworks */,
				29779A7E2AA6702A001E9937 /* Resources */,
			);
			buildRules = (
			);
			dependencies = (
			);
			name = EssentialFeediOS;
			productName = EssentialFeediOS;
			productReference = 29779A802AA6702A001E9937 /* EssentialFeediOS.framework */;
			productType = "com.apple.product-type.framework";
		};
		29779A882AA6702A001E9937 /* EssentialFeediOSTests */ = {
			isa = PBXNativeTarget;
			buildConfigurationList = 29779A942AA6702A001E9937 /* Build configuration list for PBXNativeTarget "EssentialFeediOSTests" */;
			buildPhases = (
				29779A852AA6702A001E9937 /* Sources */,
				29779A862AA6702A001E9937 /* Frameworks */,
				29779A872AA6702A001E9937 /* Resources */,
			);
			buildRules = (
			);
			dependencies = (
				29779A992AA673E5001E9937 /* PBXTargetDependency */,
				29779A8C2AA6702A001E9937 /* PBXTargetDependency */,
			);
			name = EssentialFeediOSTests;
			productName = EssentialFeediOSTests;
			productReference = 29779A892AA6702A001E9937 /* EssentialFeediOSTests.xctest */;
			productType = "com.apple.product-type.bundle.unit-test";
		};
/* End PBXNativeTarget section */

/* Begin PBXProject section */
		29270B1B2A815AB60050AE27 /* Project object */ = {
			isa = PBXProject;
			attributes = {
				BuildIndependentTargetsInParallel = 1;
				LastSwiftUpdateCheck = 1430;
				LastUpgradeCheck = 1430;
				TargetAttributes = {
					29270B232A815AB60050AE27 = {
						CreatedOnToolsVersion = 14.3.1;
					};
					29270B2D2A815AB60050AE27 = {
						CreatedOnToolsVersion = 14.3.1;
					};
					2968F49B2A87D25B0023FAEB = {
						CreatedOnToolsVersion = 14.3.1;
					};
					29779A7F2AA6702A001E9937 = {
						CreatedOnToolsVersion = 14.3.1;
					};
					29779A882AA6702A001E9937 = {
						CreatedOnToolsVersion = 14.3.1;
					};
				};
			};
			buildConfigurationList = 29270B1E2A815AB60050AE27 /* Build configuration list for PBXProject "EssentialFeed" */;
			compatibilityVersion = "Xcode 14.0";
			developmentRegion = en;
			hasScannedForEncodings = 0;
			knownRegions = (
				en,
				Base,
			);
			mainGroup = 29270B1A2A815AB60050AE27;
			productRefGroup = 29270B252A815AB60050AE27 /* Products */;
			projectDirPath = "";
			projectRoot = "";
			targets = (
				29270B232A815AB60050AE27 /* EssentialFeed */,
				29270B2D2A815AB60050AE27 /* EssentialFeedTests */,
				2968F49B2A87D25B0023FAEB /* EssentialFeedAPIEndToEndTests */,
				29779A7F2AA6702A001E9937 /* EssentialFeediOS */,
				29779A882AA6702A001E9937 /* EssentialFeediOSTests */,
			);
		};
/* End PBXProject section */

/* Begin PBXResourcesBuildPhase section */
		29270B222A815AB60050AE27 /* Resources */ = {
			isa = PBXResourcesBuildPhase;
			buildActionMask = 2147483647;
			files = (
				294294562A928B46002B85B1 /* Screenshot 2023-08-20 at 9.25.51 PM.png in Resources */,
				294294572A928B46002B85B1 /* Screenshot 2023-08-20 at 9.23.02 PM.png in Resources */,
				294294832A93FC41002B85B1 /* test scenarios.png in Resources */,
				291F439F2AA65E5200B07F93 /* iOSView.png in Resources */,
				294294532A928B37002B85B1 /* Screenshot 2023-08-20 at 9.21.25 PM.png in Resources */,
				294294512A9288FF002B85B1 /* Architecture.png in Resources */,
			);
			runOnlyForDeploymentPostprocessing = 0;
		};
		29270B2C2A815AB60050AE27 /* Resources */ = {
			isa = PBXResourcesBuildPhase;
			buildActionMask = 2147483647;
			files = (
			);
			runOnlyForDeploymentPostprocessing = 0;
		};
		2968F49A2A87D25B0023FAEB /* Resources */ = {
			isa = PBXResourcesBuildPhase;
			buildActionMask = 2147483647;
			files = (
			);
			runOnlyForDeploymentPostprocessing = 0;
		};
		29779A7E2AA6702A001E9937 /* Resources */ = {
			isa = PBXResourcesBuildPhase;
			buildActionMask = 2147483647;
			files = (
				295FF6732AA8E56A0095A89F /* mmvc.png in Resources */,
			);
			runOnlyForDeploymentPostprocessing = 0;
		};
		29779A872AA6702A001E9937 /* Resources */ = {
			isa = PBXResourcesBuildPhase;
			buildActionMask = 2147483647;
			files = (
			);
			runOnlyForDeploymentPostprocessing = 0;
		};
/* End PBXResourcesBuildPhase section */

/* Begin PBXSourcesBuildPhase section */
		29270B202A815AB60050AE27 /* Sources */ = {
			isa = PBXSourcesBuildPhase;
			buildActionMask = 2147483647;
			files = (
				29A6F9E32A8E422F00BCBFA1 /* LocalFeedImage.swift in Sources */,
				2968F4422A86E77C0023FAEB /* URLSessionHTTPClient.swift in Sources */,
				2932198F2A843F0700C5E2A0 /* FeedLoader.swift in Sources */,
				29270B412A815BBE0050AE27 /* RemoteFeedLoader.swift in Sources */,
				29682CFC2A8C321100911A3C /* LocalFeedLoader.swift in Sources */,
				29682CFA2A8C31F100911A3C /* FeedStore.swift in Sources */,
				2932198B2A842E2900C5E2A0 /* FeedItemMapper.swift in Sources */,
				29A6F9E12A8E41B900BCBFA1 /* RemoteFeedImage.swift in Sources */,
				294294A12A956CBF002B85B1 /* CodableFeedStore.swift in Sources */,
				2942944F2A9282E4002B85B1 /* FeedCachePolicy.swift in Sources */,
				29270B3F2A815AC20050AE27 /* FeedItem.swift in Sources */,
				293219892A842DE500C5E2A0 /* HTTPClient.swift in Sources */,
				29270B292A815AB60050AE27 /* EssentialFeed.docc in Sources */,
			);
			runOnlyForDeploymentPostprocessing = 0;
		};
		29270B2A2A815AB60050AE27 /* Sources */ = {
			isa = PBXSourcesBuildPhase;
			buildActionMask = 2147483647;
			files = (
				293D23D72A91F07700AB916A /* ValidateFeedCacheUseCaseTests.swift in Sources */,
				2996BA112A86450F009C0EAC /* URLSessionHTTPClientTests(subclass-based mocking).swift in Sources */,
				29A6F9E82A8E50FE00BCBFA1 /* FeedCacheSpy.swift in Sources */,
				29F373292A82576C005C3631 /* LoadFeedFromRemoteUseCaseTests.swift in Sources */,
				2996BA162A868051009C0EAC /* XCTestCase+MemoryLeakTrack.swift in Sources */,
				2996BA0F2A86326F009C0EAC /* URLSessionHTTPClientTests.swift in Sources */,
				2996BA132A864BCC009C0EAC /* URLSessionHTTPClientTests(protocol-based moching).swift in Sources */,
				293D23DB2A91F5F500AB916A /* ShareTestsHelpers.swift in Sources */,
				29270B342A815AB60050AE27 /* EssentialFeedTests.swift in Sources */,
				29A6F9E52A8E4D7700BCBFA1 /* LoadFeedFromCacheUseCaseTests.swift in Sources */,
				293D23D92A91F55500AB916A /* FeedCacheTestsHelpers.swift in Sources */,
				294294812A93FC29002B85B1 /* CodableFeedStoreTests.swift in Sources */,
				298C46122A8BFA6400391C21 /* CacheFeedUseCaseTests.swift in Sources */,
			);
			runOnlyForDeploymentPostprocessing = 0;
		};
		2968F4982A87D25B0023FAEB /* Sources */ = {
			isa = PBXSourcesBuildPhase;
			buildActionMask = 2147483647;
			files = (
				2968F4A62A87D38D0023FAEB /* XCTestCase+MemoryLeakTrack.swift in Sources */,
				2968F49F2A87D25B0023FAEB /* EssentialFeedAPIEndToEndTests.swift in Sources */,
			);
			runOnlyForDeploymentPostprocessing = 0;
		};
		29779A7C2AA6702A001E9937 /* Sources */ = {
			isa = PBXSourcesBuildPhase;
			buildActionMask = 2147483647;
			files = (
				295FF6782AA918DE0095A89F /* FeedImageDataLoader.swift in Sources */,
				296B1A3C2AA68ACB00302388 /* FeedViewController.swift in Sources */,
				295FF6712AA8B5FC0095A89F /* UIView+Shimmering.swift in Sources */,
				295FF66F2AA895660095A89F /* FeedImageCell.swift in Sources */,
				29779A842AA6702A001E9937 /* EssentialFeediOS.docc in Sources */,
			);
			runOnlyForDeploymentPostprocessing = 0;
		};
		29779A852AA6702A001E9937 /* Sources */ = {
			isa = PBXSourcesBuildPhase;
			buildActionMask = 2147483647;
			files = (
				295FF6842AA91C4C0095A89F /* ImageFeedCell+TestHelpers.swift in Sources */,
				295FF67C2AA91AD10095A89F /* UIRefreshControl+TestHelper.swift in Sources */,
				295FF67E2AA91B310095A89F /* UIButton+TestHelper.swift in Sources */,
				29779A8F2AA6702A001E9937 /* FeedViewControllerTests.swift in Sources */,
				295FF6802AA91BC00095A89F /* UIControl+TestHelpers.swift in Sources */,
				295FF6822AA91C370095A89F /* FeedViewController+TestHelpers.swift in Sources */,
				295FF67A2AA91A670095A89F /* UIImage+TestHelpers.swift in Sources */,
			);
			runOnlyForDeploymentPostprocessing = 0;
		};
/* End PBXSourcesBuildPhase section */

/* Begin PBXTargetDependency section */
		29270B312A815AB60050AE27 /* PBXTargetDependency */ = {
			isa = PBXTargetDependency;
			target = 29270B232A815AB60050AE27 /* EssentialFeed */;
			targetProxy = 29270B302A815AB60050AE27 /* PBXContainerItemProxy */;
		};
		2968F4A22A87D25B0023FAEB /* PBXTargetDependency */ = {
			isa = PBXTargetDependency;
			target = 29270B232A815AB60050AE27 /* EssentialFeed */;
			targetProxy = 2968F4A12A87D25B0023FAEB /* PBXContainerItemProxy */;
		};
		29779A8C2AA6702A001E9937 /* PBXTargetDependency */ = {
			isa = PBXTargetDependency;
			target = 29779A7F2AA6702A001E9937 /* EssentialFeediOS */;
			targetProxy = 29779A8B2AA6702A001E9937 /* PBXContainerItemProxy */;
		};
		29779A992AA673E5001E9937 /* PBXTargetDependency */ = {
			isa = PBXTargetDependency;
			target = 29270B232A815AB60050AE27 /* EssentialFeed */;
			targetProxy = 29779A982AA673E5001E9937 /* PBXContainerItemProxy */;
		};
/* End PBXTargetDependency section */

/* Begin XCBuildConfiguration section */
		29270B362A815AB60050AE27 /* Debug */ = {
			isa = XCBuildConfiguration;
			buildSettings = {
				ALWAYS_SEARCH_USER_PATHS = NO;
				CLANG_ANALYZER_NONNULL = YES;
				CLANG_ANALYZER_NUMBER_OBJECT_CONVERSION = YES_AGGRESSIVE;
				CLANG_CXX_LANGUAGE_STANDARD = "gnu++20";
				CLANG_ENABLE_MODULES = YES;
				CLANG_ENABLE_OBJC_ARC = YES;
				CLANG_ENABLE_OBJC_WEAK = YES;
				CLANG_WARN_BLOCK_CAPTURE_AUTORELEASING = YES;
				CLANG_WARN_BOOL_CONVERSION = YES;
				CLANG_WARN_COMMA = YES;
				CLANG_WARN_CONSTANT_CONVERSION = YES;
				CLANG_WARN_DEPRECATED_OBJC_IMPLEMENTATIONS = YES;
				CLANG_WARN_DIRECT_OBJC_ISA_USAGE = YES_ERROR;
				CLANG_WARN_DOCUMENTATION_COMMENTS = YES;
				CLANG_WARN_EMPTY_BODY = YES;
				CLANG_WARN_ENUM_CONVERSION = YES;
				CLANG_WARN_INFINITE_RECURSION = YES;
				CLANG_WARN_INT_CONVERSION = YES;
				CLANG_WARN_NON_LITERAL_NULL_CONVERSION = YES;
				CLANG_WARN_OBJC_IMPLICIT_RETAIN_SELF = YES;
				CLANG_WARN_OBJC_LITERAL_CONVERSION = YES;
				CLANG_WARN_OBJC_ROOT_CLASS = YES_ERROR;
				CLANG_WARN_QUOTED_INCLUDE_IN_FRAMEWORK_HEADER = YES;
				CLANG_WARN_RANGE_LOOP_ANALYSIS = YES;
				CLANG_WARN_STRICT_PROTOTYPES = YES;
				CLANG_WARN_SUSPICIOUS_MOVE = YES;
				CLANG_WARN_UNGUARDED_AVAILABILITY = YES_AGGRESSIVE;
				CLANG_WARN_UNREACHABLE_CODE = YES;
				CLANG_WARN__DUPLICATE_METHOD_MATCH = YES;
				COPY_PHASE_STRIP = NO;
				CURRENT_PROJECT_VERSION = 1;
				DEBUG_INFORMATION_FORMAT = dwarf;
				ENABLE_STRICT_OBJC_MSGSEND = YES;
				ENABLE_TESTABILITY = YES;
				GCC_C_LANGUAGE_STANDARD = gnu11;
				GCC_DYNAMIC_NO_PIC = NO;
				GCC_NO_COMMON_BLOCKS = YES;
				GCC_OPTIMIZATION_LEVEL = 0;
				GCC_PREPROCESSOR_DEFINITIONS = (
					"DEBUG=1",
					"$(inherited)",
				);
				GCC_WARN_64_TO_32_BIT_CONVERSION = YES;
				GCC_WARN_ABOUT_RETURN_TYPE = YES_ERROR;
				GCC_WARN_UNDECLARED_SELECTOR = YES;
				GCC_WARN_UNINITIALIZED_AUTOS = YES_AGGRESSIVE;
				GCC_WARN_UNUSED_FUNCTION = YES;
				GCC_WARN_UNUSED_VARIABLE = YES;
				MACOSX_DEPLOYMENT_TARGET = 13.0;
				MTL_ENABLE_DEBUG_INFO = INCLUDE_SOURCE;
				MTL_FAST_MATH = YES;
				ONLY_ACTIVE_ARCH = YES;
				SDKROOT = macosx;
				SWIFT_ACTIVE_COMPILATION_CONDITIONS = DEBUG;
				SWIFT_OPTIMIZATION_LEVEL = "-Onone";
				VERSIONING_SYSTEM = "apple-generic";
				VERSION_INFO_PREFIX = "";
			};
			name = Debug;
		};
		29270B372A815AB60050AE27 /* Release */ = {
			isa = XCBuildConfiguration;
			buildSettings = {
				ALWAYS_SEARCH_USER_PATHS = NO;
				CLANG_ANALYZER_NONNULL = YES;
				CLANG_ANALYZER_NUMBER_OBJECT_CONVERSION = YES_AGGRESSIVE;
				CLANG_CXX_LANGUAGE_STANDARD = "gnu++20";
				CLANG_ENABLE_MODULES = YES;
				CLANG_ENABLE_OBJC_ARC = YES;
				CLANG_ENABLE_OBJC_WEAK = YES;
				CLANG_WARN_BLOCK_CAPTURE_AUTORELEASING = YES;
				CLANG_WARN_BOOL_CONVERSION = YES;
				CLANG_WARN_COMMA = YES;
				CLANG_WARN_CONSTANT_CONVERSION = YES;
				CLANG_WARN_DEPRECATED_OBJC_IMPLEMENTATIONS = YES;
				CLANG_WARN_DIRECT_OBJC_ISA_USAGE = YES_ERROR;
				CLANG_WARN_DOCUMENTATION_COMMENTS = YES;
				CLANG_WARN_EMPTY_BODY = YES;
				CLANG_WARN_ENUM_CONVERSION = YES;
				CLANG_WARN_INFINITE_RECURSION = YES;
				CLANG_WARN_INT_CONVERSION = YES;
				CLANG_WARN_NON_LITERAL_NULL_CONVERSION = YES;
				CLANG_WARN_OBJC_IMPLICIT_RETAIN_SELF = YES;
				CLANG_WARN_OBJC_LITERAL_CONVERSION = YES;
				CLANG_WARN_OBJC_ROOT_CLASS = YES_ERROR;
				CLANG_WARN_QUOTED_INCLUDE_IN_FRAMEWORK_HEADER = YES;
				CLANG_WARN_RANGE_LOOP_ANALYSIS = YES;
				CLANG_WARN_STRICT_PROTOTYPES = YES;
				CLANG_WARN_SUSPICIOUS_MOVE = YES;
				CLANG_WARN_UNGUARDED_AVAILABILITY = YES_AGGRESSIVE;
				CLANG_WARN_UNREACHABLE_CODE = YES;
				CLANG_WARN__DUPLICATE_METHOD_MATCH = YES;
				COPY_PHASE_STRIP = NO;
				CURRENT_PROJECT_VERSION = 1;
				DEBUG_INFORMATION_FORMAT = "dwarf-with-dsym";
				ENABLE_NS_ASSERTIONS = NO;
				ENABLE_STRICT_OBJC_MSGSEND = YES;
				GCC_C_LANGUAGE_STANDARD = gnu11;
				GCC_NO_COMMON_BLOCKS = YES;
				GCC_WARN_64_TO_32_BIT_CONVERSION = YES;
				GCC_WARN_ABOUT_RETURN_TYPE = YES_ERROR;
				GCC_WARN_UNDECLARED_SELECTOR = YES;
				GCC_WARN_UNINITIALIZED_AUTOS = YES_AGGRESSIVE;
				GCC_WARN_UNUSED_FUNCTION = YES;
				GCC_WARN_UNUSED_VARIABLE = YES;
				MACOSX_DEPLOYMENT_TARGET = 13.0;
				MTL_ENABLE_DEBUG_INFO = NO;
				MTL_FAST_MATH = YES;
				SDKROOT = macosx;
				SWIFT_COMPILATION_MODE = wholemodule;
				SWIFT_OPTIMIZATION_LEVEL = "-O";
				VERSIONING_SYSTEM = "apple-generic";
				VERSION_INFO_PREFIX = "";
			};
			name = Release;
		};
		29270B392A815AB60050AE27 /* Debug */ = {
			isa = XCBuildConfiguration;
			buildSettings = {
				CODE_SIGN_IDENTITY = "Apple Development";
				"CODE_SIGN_IDENTITY[sdk=macosx*]" = "-";
				CODE_SIGN_STYLE = Automatic;
				COMBINE_HIDPI_IMAGES = YES;
				CURRENT_PROJECT_VERSION = 1;
				DEFINES_MODULE = YES;
				DEVELOPMENT_TEAM = "";
				DYLIB_COMPATIBILITY_VERSION = 1;
				DYLIB_CURRENT_VERSION = 1;
				DYLIB_INSTALL_NAME_BASE = "@rpath";
				ENABLE_MODULE_VERIFIER = YES;
				GENERATE_INFOPLIST_FILE = YES;
				INFOPLIST_KEY_NSHumanReadableCopyright = "";
				INSTALL_PATH = "$(LOCAL_LIBRARY_DIR)/Frameworks";
				LD_RUNPATH_SEARCH_PATHS = (
					"$(inherited)",
					"@executable_path/../Frameworks",
					"@loader_path/Frameworks",
				);
				MARKETING_VERSION = 1.0;
				MODULE_VERIFIER_SUPPORTED_LANGUAGES = "objective-c objective-c++";
				MODULE_VERIFIER_SUPPORTED_LANGUAGE_STANDARDS = "gnu11 gnu++20";
				PRODUCT_BUNDLE_IDENTIFIER = com.amir.architecture.EssentialFeed;
				PRODUCT_NAME = "$(TARGET_NAME:c99extidentifier)";
				PROVISIONING_PROFILE_SPECIFIER = "";
				SKIP_INSTALL = YES;
				SUPPORTED_PLATFORMS = "macosx iphonesimulator iphoneos";
				SWIFT_EMIT_LOC_STRINGS = YES;
				SWIFT_VERSION = 5.0;
			};
			name = Debug;
		};
		29270B3A2A815AB60050AE27 /* Release */ = {
			isa = XCBuildConfiguration;
			buildSettings = {
				"CODE_SIGN_IDENTITY[sdk=macosx*]" = "-";
				CODE_SIGN_STYLE = Automatic;
				COMBINE_HIDPI_IMAGES = YES;
				CURRENT_PROJECT_VERSION = 1;
				DEFINES_MODULE = YES;
				DEVELOPMENT_TEAM = 376VXPVV9V;
				DYLIB_COMPATIBILITY_VERSION = 1;
				DYLIB_CURRENT_VERSION = 1;
				DYLIB_INSTALL_NAME_BASE = "@rpath";
				ENABLE_MODULE_VERIFIER = YES;
				GENERATE_INFOPLIST_FILE = YES;
				INFOPLIST_KEY_NSHumanReadableCopyright = "";
				INSTALL_PATH = "$(LOCAL_LIBRARY_DIR)/Frameworks";
				LD_RUNPATH_SEARCH_PATHS = (
					"$(inherited)",
					"@executable_path/../Frameworks",
					"@loader_path/Frameworks",
				);
				MARKETING_VERSION = 1.0;
				MODULE_VERIFIER_SUPPORTED_LANGUAGES = "objective-c objective-c++";
				MODULE_VERIFIER_SUPPORTED_LANGUAGE_STANDARDS = "gnu11 gnu++20";
				PRODUCT_BUNDLE_IDENTIFIER = com.architecture.EssentialFeed;
				PRODUCT_NAME = "$(TARGET_NAME:c99extidentifier)";
				SKIP_INSTALL = YES;
				SUPPORTED_PLATFORMS = "macosx iphonesimulator iphoneos";
				SWIFT_EMIT_LOC_STRINGS = YES;
				SWIFT_VERSION = 5.0;
			};
			name = Release;
		};
		29270B3C2A815AB60050AE27 /* Debug */ = {
			isa = XCBuildConfiguration;
			buildSettings = {
				ALWAYS_EMBED_SWIFT_STANDARD_LIBRARIES = YES;
				CODE_SIGN_IDENTITY = "Apple Development";
				"CODE_SIGN_IDENTITY[sdk=macosx*]" = "-";
				CODE_SIGN_STYLE = Automatic;
				CURRENT_PROJECT_VERSION = 1;
				DEVELOPMENT_TEAM = "";
				GENERATE_INFOPLIST_FILE = YES;
				MARKETING_VERSION = 1.0;
				PRODUCT_BUNDLE_IDENTIFIER = com.amir.architecture.EssentialFeedTests;
				PRODUCT_NAME = "$(TARGET_NAME)";
				PROVISIONING_PROFILE_SPECIFIER = "";
				SUPPORTED_PLATFORMS = "macosx iphonesimulator iphoneos";
				SWIFT_EMIT_LOC_STRINGS = NO;
				SWIFT_VERSION = 5.0;
			};
			name = Debug;
		};
		29270B3D2A815AB60050AE27 /* Release */ = {
			isa = XCBuildConfiguration;
			buildSettings = {
				ALWAYS_EMBED_SWIFT_STANDARD_LIBRARIES = YES;
				"CODE_SIGN_IDENTITY[sdk=macosx*]" = "-";
				CODE_SIGN_STYLE = Automatic;
				CURRENT_PROJECT_VERSION = 1;
				DEVELOPMENT_TEAM = 376VXPVV9V;
				GENERATE_INFOPLIST_FILE = YES;
				MARKETING_VERSION = 1.0;
				PRODUCT_BUNDLE_IDENTIFIER = com.architecture.EssentialFeedTests;
				PRODUCT_NAME = "$(TARGET_NAME)";
				SUPPORTED_PLATFORMS = "macosx iphonesimulator iphoneos";
				SWIFT_EMIT_LOC_STRINGS = NO;
				SWIFT_VERSION = 5.0;
			};
			name = Release;
		};
		2968F4A42A87D25B0023FAEB /* Debug */ = {
			isa = XCBuildConfiguration;
			buildSettings = {
				CODE_SIGN_IDENTITY = "Apple Development";
				"CODE_SIGN_IDENTITY[sdk=macosx*]" = "-";
				CODE_SIGN_STYLE = Automatic;
				CURRENT_PROJECT_VERSION = 1;
				DEVELOPMENT_TEAM = "";
				GENERATE_INFOPLIST_FILE = YES;
				MARKETING_VERSION = 1.0;
				PRODUCT_BUNDLE_IDENTIFIER = com.amir.architecture.EssentialFeedAPIEndToEndTests;
				PRODUCT_NAME = "$(TARGET_NAME)";
				PROVISIONING_PROFILE_SPECIFIER = "";
				SUPPORTED_PLATFORMS = "macosx iphonesimulator iphoneos";
				SWIFT_EMIT_LOC_STRINGS = NO;
				SWIFT_VERSION = 5.0;
			};
			name = Debug;
		};
		2968F4A52A87D25B0023FAEB /* Release */ = {
			isa = XCBuildConfiguration;
			buildSettings = {
				"CODE_SIGN_IDENTITY[sdk=macosx*]" = "-";
				CODE_SIGN_STYLE = Automatic;
				CURRENT_PROJECT_VERSION = 1;
				DEVELOPMENT_TEAM = 376VXPVV9V;
				GENERATE_INFOPLIST_FILE = YES;
				MARKETING_VERSION = 1.0;
				PRODUCT_BUNDLE_IDENTIFIER = com.architecture.EssentialFeedAPIEndToEndTests;
				PRODUCT_NAME = "$(TARGET_NAME)";
				SUPPORTED_PLATFORMS = "macosx iphonesimulator iphoneos";
				SWIFT_EMIT_LOC_STRINGS = NO;
				SWIFT_VERSION = 5.0;
			};
			name = Release;
		};
		29779A922AA6702A001E9937 /* Debug */ = {
			isa = XCBuildConfiguration;
			buildSettings = {
				CODE_SIGN_STYLE = Automatic;
				CURRENT_PROJECT_VERSION = 1;
				DEFINES_MODULE = YES;
				DYLIB_COMPATIBILITY_VERSION = 1;
				DYLIB_CURRENT_VERSION = 1;
				DYLIB_INSTALL_NAME_BASE = "@rpath";
				ENABLE_MODULE_VERIFIER = YES;
				GENERATE_INFOPLIST_FILE = YES;
				INFOPLIST_KEY_NSHumanReadableCopyright = "";
				INSTALL_PATH = "$(LOCAL_LIBRARY_DIR)/Frameworks";
				IPHONEOS_DEPLOYMENT_TARGET = 16.4;
				LD_RUNPATH_SEARCH_PATHS = (
					"$(inherited)",
					"@executable_path/Frameworks",
					"@loader_path/Frameworks",
				);
				MARKETING_VERSION = 1.0;
				MODULE_VERIFIER_SUPPORTED_LANGUAGES = "objective-c objective-c++";
				MODULE_VERIFIER_SUPPORTED_LANGUAGE_STANDARDS = "gnu11 gnu++20";
				PRODUCT_BUNDLE_IDENTIFIER = com.architecture.EssentialFeediOS;
				PRODUCT_NAME = "$(TARGET_NAME:c99extidentifier)";
				SDKROOT = iphoneos;
				SKIP_INSTALL = YES;
				SWIFT_EMIT_LOC_STRINGS = YES;
				SWIFT_VERSION = 5.0;
				TARGETED_DEVICE_FAMILY = "1,2";
			};
			name = Debug;
		};
		29779A932AA6702A001E9937 /* Release */ = {
			isa = XCBuildConfiguration;
			buildSettings = {
				CODE_SIGN_STYLE = Automatic;
				CURRENT_PROJECT_VERSION = 1;
				DEFINES_MODULE = YES;
				DYLIB_COMPATIBILITY_VERSION = 1;
				DYLIB_CURRENT_VERSION = 1;
				DYLIB_INSTALL_NAME_BASE = "@rpath";
				ENABLE_MODULE_VERIFIER = YES;
				GENERATE_INFOPLIST_FILE = YES;
				INFOPLIST_KEY_NSHumanReadableCopyright = "";
				INSTALL_PATH = "$(LOCAL_LIBRARY_DIR)/Frameworks";
				IPHONEOS_DEPLOYMENT_TARGET = 16.4;
				LD_RUNPATH_SEARCH_PATHS = (
					"$(inherited)",
					"@executable_path/Frameworks",
					"@loader_path/Frameworks",
				);
				MARKETING_VERSION = 1.0;
				MODULE_VERIFIER_SUPPORTED_LANGUAGES = "objective-c objective-c++";
				MODULE_VERIFIER_SUPPORTED_LANGUAGE_STANDARDS = "gnu11 gnu++20";
				PRODUCT_BUNDLE_IDENTIFIER = com.architecture.EssentialFeediOS;
				PRODUCT_NAME = "$(TARGET_NAME:c99extidentifier)";
				SDKROOT = iphoneos;
				SKIP_INSTALL = YES;
				SWIFT_EMIT_LOC_STRINGS = YES;
				SWIFT_VERSION = 5.0;
				TARGETED_DEVICE_FAMILY = "1,2";
				VALIDATE_PRODUCT = YES;
			};
			name = Release;
		};
		29779A952AA6702A001E9937 /* Debug */ = {
			isa = XCBuildConfiguration;
			buildSettings = {
				ALWAYS_EMBED_SWIFT_STANDARD_LIBRARIES = YES;
				CODE_SIGN_STYLE = Automatic;
				CURRENT_PROJECT_VERSION = 1;
				GENERATE_INFOPLIST_FILE = YES;
				IPHONEOS_DEPLOYMENT_TARGET = 16.4;
				MARKETING_VERSION = 1.0;
				PRODUCT_BUNDLE_IDENTIFIER = com.architecture.EssentialFeediOSTests;
				PRODUCT_NAME = "$(TARGET_NAME)";
				SDKROOT = iphoneos;
				SWIFT_EMIT_LOC_STRINGS = NO;
				SWIFT_VERSION = 5.0;
				TARGETED_DEVICE_FAMILY = "1,2";
			};
			name = Debug;
		};
		29779A962AA6702A001E9937 /* Release */ = {
			isa = XCBuildConfiguration;
			buildSettings = {
				ALWAYS_EMBED_SWIFT_STANDARD_LIBRARIES = YES;
				CODE_SIGN_STYLE = Automatic;
				CURRENT_PROJECT_VERSION = 1;
				GENERATE_INFOPLIST_FILE = YES;
				IPHONEOS_DEPLOYMENT_TARGET = 16.4;
				MARKETING_VERSION = 1.0;
				PRODUCT_BUNDLE_IDENTIFIER = com.architecture.EssentialFeediOSTests;
				PRODUCT_NAME = "$(TARGET_NAME)";
				SDKROOT = iphoneos;
				SWIFT_EMIT_LOC_STRINGS = NO;
				SWIFT_VERSION = 5.0;
				TARGETED_DEVICE_FAMILY = "1,2";
				VALIDATE_PRODUCT = YES;
			};
			name = Release;
		};
/* End XCBuildConfiguration section */

/* Begin XCConfigurationList section */
		29270B1E2A815AB60050AE27 /* Build configuration list for PBXProject "EssentialFeed" */ = {
			isa = XCConfigurationList;
			buildConfigurations = (
				29270B362A815AB60050AE27 /* Debug */,
				29270B372A815AB60050AE27 /* Release */,
			);
			defaultConfigurationIsVisible = 0;
			defaultConfigurationName = Release;
		};
		29270B382A815AB60050AE27 /* Build configuration list for PBXNativeTarget "EssentialFeed" */ = {
			isa = XCConfigurationList;
			buildConfigurations = (
				29270B392A815AB60050AE27 /* Debug */,
				29270B3A2A815AB60050AE27 /* Release */,
			);
			defaultConfigurationIsVisible = 0;
			defaultConfigurationName = Release;
		};
		29270B3B2A815AB60050AE27 /* Build configuration list for PBXNativeTarget "EssentialFeedTests" */ = {
			isa = XCConfigurationList;
			buildConfigurations = (
				29270B3C2A815AB60050AE27 /* Debug */,
				29270B3D2A815AB60050AE27 /* Release */,
			);
			defaultConfigurationIsVisible = 0;
			defaultConfigurationName = Release;
		};
		2968F4A32A87D25B0023FAEB /* Build configuration list for PBXNativeTarget "EssentialFeedAPIEndToEndTests" */ = {
			isa = XCConfigurationList;
			buildConfigurations = (
				2968F4A42A87D25B0023FAEB /* Debug */,
				2968F4A52A87D25B0023FAEB /* Release */,
			);
			defaultConfigurationIsVisible = 0;
			defaultConfigurationName = Release;
		};
		29779A912AA6702A001E9937 /* Build configuration list for PBXNativeTarget "EssentialFeediOS" */ = {
			isa = XCConfigurationList;
			buildConfigurations = (
				29779A922AA6702A001E9937 /* Debug */,
				29779A932AA6702A001E9937 /* Release */,
			);
			defaultConfigurationIsVisible = 0;
			defaultConfigurationName = Release;
		};
		29779A942AA6702A001E9937 /* Build configuration list for PBXNativeTarget "EssentialFeediOSTests" */ = {
			isa = XCConfigurationList;
			buildConfigurations = (
				29779A952AA6702A001E9937 /* Debug */,
				29779A962AA6702A001E9937 /* Release */,
			);
			defaultConfigurationIsVisible = 0;
			defaultConfigurationName = Release;
		};
/* End XCConfigurationList section */
	};
	rootObject = 29270B1B2A815AB60050AE27 /* Project object */;
}
